
Microsoft Visual Studio Solution File, Format Version 12.00
# Visual Studio 15
VisualStudioVersion = 15.0.36617.4
MinimumVisualStudioVersion = 10.0.40219.1
Project("{8BC9CEB8-8B4A-11D0-8D11-00A0C91BC942}") = "P1781", "P1781\P1781.vcxproj", "{43681CC3-450B-4808-A21F-94B7B0F29328}"
EndProject
Global
	GlobalSection(SolutionConfigurationPlatforms) = preSolution
		Debug|x64 = Debug|x64
		Debug|x86 = Debug|x86
		Release|x64 = Release|x64
		Release|x86 = Release|x86
	EndGlobalSection
	GlobalSection(ProjectConfigurationPlatforms) = postSolution
		{43681CC3-450B-4808-A21F-94B7B0F29328}.Debug|x64.ActiveCfg = Debug|x64
		{43681CC3-450B-4808-A21F-94B7B0F29328}.Debug|x64.Build.0 = Debug|x64
		{43681CC3-450B-4808-A21F-94B7B0F29328}.Debug|x86.ActiveCfg = Debug|Win32
		{43681CC3-450B-4808-A21F-94B7B0F29328}.Debug|x86.Build.0 = Debug|Win32
		{43681CC3-450B-4808-A21F-94B7B0F29328}.Release|x64.ActiveCfg = Release|x64
		{43681CC3-450B-4808-A21F-94B7B0F29328}.Release|x64.Build.0 = Release|x64
		{43681CC3-450B-4808-A21F-94B7B0F29328}.Release|x86.ActiveCfg = Release|Win32
		{43681CC3-450B-4808-A21F-94B7B0F29328}.Release|x86.Build.0 = Release|Win32
	EndGlobalSection
	GlobalSection(SolutionProperties) = preSolution
		HideSolutionNode = FALSE
	EndGlobalSection
	GlobalSection(ExtensibilityGlobals) = postSolution
		SolutionGuid = {31DAA2D9-2130-47B7-A509-2D52169517B9}
	EndGlobalSection
EndGlobal
