
Microsoft Visual Studio Solution File, Format Version 12.00
# Visual Studio 15
VisualStudioVersion = 15.0.36617.4
MinimumVisualStudioVersion = 10.0.40219.1
Project("{8BC9CEB8-8B4A-11D0-8D11-00A0C91BC942}") = "P2249", "P2249\P2249.vcxproj", "{55460501-BE4D-41CB-96AF-0C9E2B71832C}"
EndProject
Global
	GlobalSection(SolutionConfigurationPlatforms) = preSolution
		Debug|x64 = Debug|x64
		Debug|x86 = Debug|x86
		Release|x64 = Release|x64
		Release|x86 = Release|x86
	EndGlobalSection
	GlobalSection(ProjectConfigurationPlatforms) = postSolution
		{55460501-BE4D-41CB-96AF-0C9E2B71832C}.Debug|x64.ActiveCfg = Debug|x64
		{55460501-BE4D-41CB-96AF-0C9E2B71832C}.Debug|x64.Build.0 = Debug|x64
		{55460501-BE4D-41CB-96AF-0C9E2B71832C}.Debug|x86.ActiveCfg = Debug|Win32
		{55460501-BE4D-41CB-96AF-0C9E2B71832C}.Debug|x86.Build.0 = Debug|Win32
		{55460501-BE4D-41CB-96AF-0C9E2B71832C}.Release|x64.ActiveCfg = Release|x64
		{55460501-BE4D-41CB-96AF-0C9E2B71832C}.Release|x64.Build.0 = Release|x64
		{55460501-BE4D-41CB-96AF-0C9E2B71832C}.Release|x86.ActiveCfg = Release|Win32
		{55460501-BE4D-41CB-96AF-0C9E2B71832C}.Release|x86.Build.0 = Release|Win32
	EndGlobalSection
	GlobalSection(SolutionProperties) = preSolution
		HideSolutionNode = FALSE
	EndGlobalSection
	GlobalSection(ExtensibilityGlobals) = postSolution
		SolutionGuid = {A844EC12-C25D-46F4-B274-C8F1D41DB5E7}
	EndGlobalSection
EndGlobal
